
Microsoft Visual Studio Solution File, Format Version 12.00
# Visual Studio Version 16
VisualStudioVersion = 16.0.31729.503
MinimumVisualStudioVersion = 10.0.40219.1
Project("{FAE04EC0-301F-11D3-BF4B-00C04F79EFBC}") = "FinalÖdev", "FinalÖdev.csproj", "{926A6A4F-C2F2-4FBE-BA33-282CBE8C0445}"
EndProject
Global
	GlobalSection(SolutionConfigurationPlatforms) = preSolution
		Debug|Any CPU = Debug|Any CPU
		Release|Any CPU = Release|Any CPU
	EndGlobalSection
	GlobalSection(ProjectConfigurationPlatforms) = postSolution
		{926A6A4F-C2F2-4FBE-BA33-282CBE8C0445}.Debug|Any CPU.ActiveCfg = Debug|Any CPU
		{926A6A4F-C2F2-4FBE-BA33-282CBE8C0445}.Debug|Any CPU.Build.0 = Debug|Any CPU
		{926A6A4F-C2F2-4FBE-BA33-282CBE8C0445}.Release|Any CPU.ActiveCfg = Release|Any CPU
		{926A6A4F-C2F2-4FBE-BA33-282CBE8C0445}.Release|Any CPU.Build.0 = Release|Any CPU
	EndGlobalSection
	GlobalSection(SolutionProperties) = preSolution
		HideSolutionNode = FALSE
	EndGlobalSection
	GlobalSection(ExtensibilityGlobals) = postSolution
		SolutionGuid = {9122B0F7-5BD3-41FD-B121-8DD0D4DC8514}
	EndGlobalSection
EndGlobal
